// !$*UTF8*$!
{
	archiveVersion = 1;
	classes = {
	};
	objectVersion = 46;
	objects = {

/* Begin PBXBuildFile section */
		A506381FEE49BCA88A1FB559 /* Pods_TestSwiftRealmAlamofireObjectMapper.framework in Frameworks */ = {isa = PBXBuildFile; fileRef = 50479D0D71FC617395417CAC /* Pods_TestSwiftRealmAlamofireObjectMapper.framework */; };
		A598065E1DDC9A3A004361BF /* Book.swift in Sources */ = {isa = PBXBuildFile; fileRef = A598065D1DDC9A3A004361BF /* Book.swift */; };
		A59CF5C11DD3330900CFC2F0 /* Vehicle.swift in Sources */ = {isa = PBXBuildFile; fileRef = A59CF5C01DD3330900CFC2F0 /* Vehicle.swift */; };
		A59CF5C31DD3360600CFC2F0 /* Wheel.swift in Sources */ = {isa = PBXBuildFile; fileRef = A59CF5C21DD3360600CFC2F0 /* Wheel.swift */; };
		A59CF5C51DD3552800CFC2F0 /* .gitignore in Resources */ = {isa = PBXBuildFile; fileRef = A59CF5C41DD3552800CFC2F0 /* .gitignore */; };
		A5F6A76E1DD1F0E700816DAE /* AppDelegate.swift in Sources */ = {isa = PBXBuildFile; fileRef = A5F6A76D1DD1F0E700816DAE /* AppDelegate.swift */; };
		A5F6A7701DD1F0E700816DAE /* ViewController.swift in Sources */ = {isa = PBXBuildFile; fileRef = A5F6A76F1DD1F0E700816DAE /* ViewController.swift */; };
		A5F6A7731DD1F0E700816DAE /* Main.storyboard in Resources */ = {isa = PBXBuildFile; fileRef = A5F6A7711DD1F0E700816DAE /* Main.storyboard */; };
		A5F6A7751DD1F0E700816DAE /* Assets.xcassets in Resources */ = {isa = PBXBuildFile; fileRef = A5F6A7741DD1F0E700816DAE /* Assets.xcassets */; };
		A5F6A7781DD1F0E700816DAE /* LaunchScreen.storyboard in Resources */ = {isa = PBXBuildFile; fileRef = A5F6A7761DD1F0E700816DAE /* LaunchScreen.storyboard */; };
		A5F6A79C1DD1F54D00816DAE /* TelaDoisController.swift in Sources */ = {isa = PBXBuildFile; fileRef = A5F6A79B1DD1F54D00816DAE /* TelaDoisController.swift */; };
/* End PBXBuildFile section */

/* Begin PBXContainerItemProxy section */
		A5F6A77F1DD1F0E700816DAE /* PBXContainerItemProxy */ = {
			isa = PBXContainerItemProxy;
			containerPortal = A5F6A7621DD1F0E700816DAE /* Project object */;
			proxyType = 1;
			remoteGlobalIDString = A5F6A7691DD1F0E700816DAE;
			remoteInfo = TestRealm;
		};
		A5F6A78A1DD1F0E700816DAE /* PBXContainerItemProxy */ = {
			isa = PBXContainerItemProxy;
			containerPortal = A5F6A7621DD1F0E700816DAE /* Project object */;
			proxyType = 1;
			remoteGlobalIDString = A5F6A7691DD1F0E700816DAE;
			remoteInfo = TestRealm;
		};
/* End PBXContainerItemProxy section */

/* Begin PBXFileReference section */
		4F241883E48EE163EADDC2D4 /* Pods-TestSwiftRealmAlamofireObjectMapper.debug.xcconfig */ = {isa = PBXFileReference; includeInIndex = 1; lastKnownFileType = text.xcconfig; name = "Pods-TestSwiftRealmAlamofireObjectMapper.debug.xcconfig"; path = "Pods/Target Support Files/Pods-TestSwiftRealmAlamofireObjectMapper/Pods-TestSwiftRealmAlamofireObjectMapper.debug.xcconfig"; sourceTree = "<group>"; };
		50479D0D71FC617395417CAC /* Pods_TestSwiftRealmAlamofireObjectMapper.framework */ = {isa = PBXFileReference; explicitFileType = wrapper.framework; includeInIndex = 0; path = Pods_TestSwiftRealmAlamofireObjectMapper.framework; sourceTree = BUILT_PRODUCTS_DIR; };
		A598065D1DDC9A3A004361BF /* Book.swift */ = {isa = PBXFileReference; fileEncoding = 4; lastKnownFileType = sourcecode.swift; name = Book.swift; path = TestRealm/Book.swift; sourceTree = "<group>"; };
		A59CF5C01DD3330900CFC2F0 /* Vehicle.swift */ = {isa = PBXFileReference; fileEncoding = 4; lastKnownFileType = sourcecode.swift; name = Vehicle.swift; path = TestRealm/Vehicle.swift; sourceTree = "<group>"; };
		A59CF5C21DD3360600CFC2F0 /* Wheel.swift */ = {isa = PBXFileReference; fileEncoding = 4; lastKnownFileType = sourcecode.swift; name = Wheel.swift; path = TestRealm/Wheel.swift; sourceTree = "<group>"; };
		A59CF5C41DD3552800CFC2F0 /* .gitignore */ = {isa = PBXFileReference; fileEncoding = 4; lastKnownFileType = text; path = .gitignore; sourceTree = SOURCE_ROOT; };
		A5F6A76A1DD1F0E700816DAE /* TestSwiftRealmAlamofireObjectMapper.app */ = {isa = PBXFileReference; explicitFileType = wrapper.application; includeInIndex = 0; path = TestSwiftRealmAlamofireObjectMapper.app; sourceTree = BUILT_PRODUCTS_DIR; };
		A5F6A76D1DD1F0E700816DAE /* AppDelegate.swift */ = {isa = PBXFileReference; lastKnownFileType = sourcecode.swift; path = AppDelegate.swift; sourceTree = "<group>"; };
		A5F6A76F1DD1F0E700816DAE /* ViewController.swift */ = {isa = PBXFileReference; lastKnownFileType = sourcecode.swift; path = ViewController.swift; sourceTree = "<group>"; };
		A5F6A7721DD1F0E700816DAE /* Base */ = {isa = PBXFileReference; lastKnownFileType = file.storyboard; name = Base; path = Base.lproj/Main.storyboard; sourceTree = "<group>"; };
		A5F6A7741DD1F0E700816DAE /* Assets.xcassets */ = {isa = PBXFileReference; lastKnownFileType = folder.assetcatalog; path = Assets.xcassets; sourceTree = "<group>"; };
		A5F6A7771DD1F0E700816DAE /* Base */ = {isa = PBXFileReference; lastKnownFileType = file.storyboard; name = Base; path = Base.lproj/LaunchScreen.storyboard; sourceTree = "<group>"; };
		A5F6A7791DD1F0E700816DAE /* Info.plist */ = {isa = PBXFileReference; lastKnownFileType = text.plist.xml; path = Info.plist; sourceTree = "<group>"; };
		A5F6A77E1DD1F0E700816DAE /* TestSwiftRealmAlamofireObjectMapper.xctest */ = {isa = PBXFileReference; explicitFileType = wrapper.cfbundle; includeInIndex = 0; path = TestSwiftRealmAlamofireObjectMapper.xctest; sourceTree = BUILT_PRODUCTS_DIR; };
		A5F6A7891DD1F0E700816DAE /* TestSwiftRealmAlamofireObjectMapper.xctest */ = {isa = PBXFileReference; explicitFileType = wrapper.cfbundle; includeInIndex = 0; path = TestSwiftRealmAlamofireObjectMapper.xctest; sourceTree = BUILT_PRODUCTS_DIR; };
		A5F6A79B1DD1F54D00816DAE /* TelaDoisController.swift */ = {isa = PBXFileReference; fileEncoding = 4; lastKnownFileType = sourcecode.swift; path = TelaDoisController.swift; sourceTree = "<group>"; };
		AA5548D56D13409D338CF246 /* Pods-TestRealm.debug.xcconfig */ = {isa = PBXFileReference; includeInIndex = 1; lastKnownFileType = text.xcconfig; name = "Pods-TestRealm.debug.xcconfig"; path = "Pods/Target Support Files/Pods-TestRealm/Pods-TestRealm.debug.xcconfig"; sourceTree = "<group>"; };
		ABF0D9DF1649C22609EACF25 /* Pods-TestSwiftRealmAlamofireObjectMapper.release.xcconfig */ = {isa = PBXFileReference; includeInIndex = 1; lastKnownFileType = text.xcconfig; name = "Pods-TestSwiftRealmAlamofireObjectMapper.release.xcconfig"; path = "Pods/Target Support Files/Pods-TestSwiftRealmAlamofireObjectMapper/Pods-TestSwiftRealmAlamofireObjectMapper.release.xcconfig"; sourceTree = "<group>"; };
		F1C63C4A126610002E684613 /* Pods-TestRealm.release.xcconfig */ = {isa = PBXFileReference; includeInIndex = 1; lastKnownFileType = text.xcconfig; name = "Pods-TestRealm.release.xcconfig"; path = "Pods/Target Support Files/Pods-TestRealm/Pods-TestRealm.release.xcconfig"; sourceTree = "<group>"; };
/* End PBXFileReference section */

/* Begin PBXFrameworksBuildPhase section */
		A5F6A7671DD1F0E700816DAE /* Frameworks */ = {
			isa = PBXFrameworksBuildPhase;
			buildActionMask = 2147483647;
			files = (
				A506381FEE49BCA88A1FB559 /* Pods_TestSwiftRealmAlamofireObjectMapper.framework in Frameworks */,
			);
			runOnlyForDeploymentPostprocessing = 0;
		};
		A5F6A77B1DD1F0E700816DAE /* Frameworks */ = {
			isa = PBXFrameworksBuildPhase;
			buildActionMask = 2147483647;
			files = (
			);
			runOnlyForDeploymentPostprocessing = 0;
		};
		A5F6A7861DD1F0E700816DAE /* Frameworks */ = {
			isa = PBXFrameworksBuildPhase;
			buildActionMask = 2147483647;
			files = (
			);
			runOnlyForDeploymentPostprocessing = 0;
		};
/* End PBXFrameworksBuildPhase section */

/* Begin PBXGroup section */
		3F1ED9610C9341D583568E08 /* Frameworks */ = {
			isa = PBXGroup;
			children = (
				50479D0D71FC617395417CAC /* Pods_TestSwiftRealmAlamofireObjectMapper.framework */,
			);
			name = Frameworks;
			sourceTree = "<group>";
		};
		A5F6A7611DD1F0E700816DAE = {
			isa = PBXGroup;
			children = (
				A5F6A79D1DD2002900816DAE /* model */,
				A5F6A76C1DD1F0E700816DAE /* TestSwiftRealmAlamofireObjectMapper */,
				A5F6A76B1DD1F0E700816DAE /* Products */,
				B0F8126B332EFCA0028AAFA5 /* Pods */,
				3F1ED9610C9341D583568E08 /* Frameworks */,
			);
			sourceTree = "<group>";
		};
		A5F6A76B1DD1F0E700816DAE /* Products */ = {
			isa = PBXGroup;
			children = (
				A5F6A76A1DD1F0E700816DAE /* TestSwiftRealmAlamofireObjectMapper.app */,
				A5F6A77E1DD1F0E700816DAE /* TestSwiftRealmAlamofireObjectMapper.xctest */,
				A5F6A7891DD1F0E700816DAE /* TestSwiftRealmAlamofireObjectMapper.xctest */,
			);
			name = Products;
			sourceTree = "<group>";
		};
		A5F6A76C1DD1F0E700816DAE /* TestSwiftRealmAlamofireObjectMapper */ = {
			isa = PBXGroup;
			children = (
				A59CF5C41DD3552800CFC2F0 /* .gitignore */,
				A5F6A76D1DD1F0E700816DAE /* AppDelegate.swift */,
				A5F6A76F1DD1F0E700816DAE /* ViewController.swift */,
				A5F6A7711DD1F0E700816DAE /* Main.storyboard */,
				A5F6A7741DD1F0E700816DAE /* Assets.xcassets */,
				A5F6A7761DD1F0E700816DAE /* LaunchScreen.storyboard */,
				A5F6A7791DD1F0E700816DAE /* Info.plist */,
				A5F6A79B1DD1F54D00816DAE /* TelaDoisController.swift */,
			);
			name = TestSwiftRealmAlamofireObjectMapper;
			path = TestRealm;
			sourceTree = "<group>";
		};
		A5F6A79D1DD2002900816DAE /* model */ = {
			isa = PBXGroup;
			children = (
				A59CF5C01DD3330900CFC2F0 /* Vehicle.swift */,
				A59CF5C21DD3360600CFC2F0 /* Wheel.swift */,
				A598065D1DDC9A3A004361BF /* Book.swift */,
			);
			name = model;
			sourceTree = "<group>";
		};
		B0F8126B332EFCA0028AAFA5 /* Pods */ = {
			isa = PBXGroup;
			children = (
				AA5548D56D13409D338CF246 /* Pods-TestRealm.debug.xcconfig */,
				F1C63C4A126610002E684613 /* Pods-TestRealm.release.xcconfig */,
				4F241883E48EE163EADDC2D4 /* Pods-TestSwiftRealmAlamofireObjectMapper.debug.xcconfig */,
				ABF0D9DF1649C22609EACF25 /* Pods-TestSwiftRealmAlamofireObjectMapper.release.xcconfig */,
			);
			name = Pods;
			sourceTree = "<group>";
		};
/* End PBXGroup section */

/* Begin PBXNativeTarget section */
		A5F6A7691DD1F0E700816DAE /* TestSwiftRealmAlamofireObjectMapper */ = {
			isa = PBXNativeTarget;
			buildConfigurationList = A5F6A7921DD1F0E700816DAE /* Build configuration list for PBXNativeTarget "TestSwiftRealmAlamofireObjectMapper" */;
			buildPhases = (
				9388B3F6EF9E1476C63C55C6 /* [CP] Check Pods Manifest.lock */,
				A5F6A7661DD1F0E700816DAE /* Sources */,
				A5F6A7671DD1F0E700816DAE /* Frameworks */,
				A5F6A7681DD1F0E700816DAE /* Resources */,
				369393716BB639CC4A881D8D /* [CP] Embed Pods Frameworks */,
				FF341C0A6971F0EAF6CE2A68 /* [CP] Copy Pods Resources */,
			);
			buildRules = (
			);
			dependencies = (
			);
			name = TestSwiftRealmAlamofireObjectMapper;
			productName = TestRealm;
			productReference = A5F6A76A1DD1F0E700816DAE /* TestSwiftRealmAlamofireObjectMapper.app */;
			productType = "com.apple.product-type.application";
		};
		A5F6A77D1DD1F0E700816DAE /* TestSwiftRealmAlamofireObjectMapperTests */ = {
			isa = PBXNativeTarget;
			buildConfigurationList = A5F6A7951DD1F0E700816DAE /* Build configuration list for PBXNativeTarget "TestSwiftRealmAlamofireObjectMapperTests" */;
			buildPhases = (
				A5F6A77A1DD1F0E700816DAE /* Sources */,
				A5F6A77B1DD1F0E700816DAE /* Frameworks */,
				A5F6A77C1DD1F0E700816DAE /* Resources */,
			);
			buildRules = (
			);
			dependencies = (
				A5F6A7801DD1F0E700816DAE /* PBXTargetDependency */,
			);
			name = TestSwiftRealmAlamofireObjectMapperTests;
			productName = TestRealmTests;
			productReference = A5F6A77E1DD1F0E700816DAE /* TestSwiftRealmAlamofireObjectMapper.xctest */;
			productType = "com.apple.product-type.bundle.unit-test";
		};
		A5F6A7881DD1F0E700816DAE /* TestSwiftRealmAlamofireObjectMapperUITests */ = {
			isa = PBXNativeTarget;
			buildConfigurationList = A5F6A7981DD1F0E700816DAE /* Build configuration list for PBXNativeTarget "TestSwiftRealmAlamofireObjectMapperUITests" */;
			buildPhases = (
				A5F6A7851DD1F0E700816DAE /* Sources */,
				A5F6A7861DD1F0E700816DAE /* Frameworks */,
				A5F6A7871DD1F0E700816DAE /* Resources */,
			);
			buildRules = (
			);
			dependencies = (
				A5F6A78B1DD1F0E700816DAE /* PBXTargetDependency */,
			);
			name = TestSwiftRealmAlamofireObjectMapperUITests;
			productName = TestRealmUITests;
			productReference = A5F6A7891DD1F0E700816DAE /* TestSwiftRealmAlamofireObjectMapper.xctest */;
			productType = "com.apple.product-type.bundle.ui-testing";
		};
/* End PBXNativeTarget section */

/* Begin PBXProject section */
		A5F6A7621DD1F0E700816DAE /* Project object */ = {
			isa = PBXProject;
			attributes = {
				LastSwiftUpdateCheck = 0730;
				LastUpgradeCheck = 0730;
				ORGANIZATIONNAME = "Douglas Nassif Roma Junior";
				TargetAttributes = {
					A5F6A7691DD1F0E700816DAE = {
						CreatedOnToolsVersion = 7.3.1;
						DevelopmentTeam = DRXE37HWRZ;
					};
					A5F6A77D1DD1F0E700816DAE = {
						CreatedOnToolsVersion = 7.3.1;
						TestTargetID = A5F6A7691DD1F0E700816DAE;
					};
					A5F6A7881DD1F0E700816DAE = {
						CreatedOnToolsVersion = 7.3.1;
						TestTargetID = A5F6A7691DD1F0E700816DAE;
					};
				};
			};
			buildConfigurationList = A5F6A7651DD1F0E700816DAE /* Build configuration list for PBXProject "TestSwiftRealmAlamofireObjectMapper" */;
			compatibilityVersion = "Xcode 3.2";
			developmentRegion = English;
			hasScannedForEncodings = 0;
			knownRegions = (
				en,
				Base,
			);
			mainGroup = A5F6A7611DD1F0E700816DAE;
			productRefGroup = A5F6A76B1DD1F0E700816DAE /* Products */;
			projectDirPath = "";
			projectRoot = "";
			targets = (
				A5F6A7691DD1F0E700816DAE /* TestSwiftRealmAlamofireObjectMapper */,
				A5F6A77D1DD1F0E700816DAE /* TestSwiftRealmAlamofireObjectMapperTests */,
				A5F6A7881DD1F0E700816DAE /* TestSwiftRealmAlamofireObjectMapperUITests */,
			);
		};
/* End PBXProject section */

/* Begin PBXResourcesBuildPhase section */
		A5F6A7681DD1F0E700816DAE /* Resources */ = {
			isa = PBXResourcesBuildPhase;
			buildActionMask = 2147483647;
			files = (
				A59CF5C51DD3552800CFC2F0 /* .gitignore in Resources */,
				A5F6A7781DD1F0E700816DAE /* LaunchScreen.storyboard in Resources */,
				A5F6A7751DD1F0E700816DAE /* Assets.xcassets in Resources */,
				A5F6A7731DD1F0E700816DAE /* Main.storyboard in Resources */,
			);
			runOnlyForDeploymentPostprocessing = 0;
		};
		A5F6A77C1DD1F0E700816DAE /* Resources */ = {
			isa = PBXResourcesBuildPhase;
			buildActionMask = 2147483647;
			files = (
			);
			runOnlyForDeploymentPostprocessing = 0;
		};
		A5F6A7871DD1F0E700816DAE /* Resources */ = {
			isa = PBXResourcesBuildPhase;
			buildActionMask = 2147483647;
			files = (
			);
			runOnlyForDeploymentPostprocessing = 0;
		};
/* End PBXResourcesBuildPhase section */

/* Begin PBXShellScriptBuildPhase section */
		369393716BB639CC4A881D8D /* [CP] Embed Pods Frameworks */ = {
			isa = PBXShellScriptBuildPhase;
			buildActionMask = 2147483647;
			files = (
			);
			inputPaths = (
			);
			name = "[CP] Embed Pods Frameworks";
			outputPaths = (
			);
			runOnlyForDeploymentPostprocessing = 0;
			shellPath = /bin/sh;
			shellScript = "\"${SRCROOT}/Pods/Target Support Files/Pods-TestSwiftRealmAlamofireObjectMapper/Pods-TestSwiftRealmAlamofireObjectMapper-frameworks.sh\"\n";
			showEnvVarsInLog = 0;
		};
		9388B3F6EF9E1476C63C55C6 /* [CP] Check Pods Manifest.lock */ = {
			isa = PBXShellScriptBuildPhase;
			buildActionMask = 2147483647;
			files = (
			);
			inputPaths = (
			);
			name = "[CP] Check Pods Manifest.lock";
			outputPaths = (
			);
			runOnlyForDeploymentPostprocessing = 0;
			shellPath = /bin/sh;
			shellScript = "diff \"${PODS_ROOT}/../Podfile.lock\" \"${PODS_ROOT}/Manifest.lock\" > /dev/null\nif [ $? != 0 ] ; then\n    # print error to STDERR\n    echo \"error: The sandbox is not in sync with the Podfile.lock. Run 'pod install' or update your CocoaPods installation.\" >&2\n    exit 1\nfi\n";
			showEnvVarsInLog = 0;
		};
		FF341C0A6971F0EAF6CE2A68 /* [CP] Copy Pods Resources */ = {
			isa = PBXShellScriptBuildPhase;
			buildActionMask = 2147483647;
			files = (
			);
			inputPaths = (
			);
			name = "[CP] Copy Pods Resources";
			outputPaths = (
			);
			runOnlyForDeploymentPostprocessing = 0;
			shellPath = /bin/sh;
			shellScript = "\"${SRCROOT}/Pods/Target Support Files/Pods-TestSwiftRealmAlamofireObjectMapper/Pods-TestSwiftRealmAlamofireObjectMapper-resources.sh\"\n";
			showEnvVarsInLog = 0;
		};
/* End PBXShellScriptBuildPhase section */

/* Begin PBXSourcesBuildPhase section */
		A5F6A7661DD1F0E700816DAE /* Sources */ = {
			isa = PBXSourcesBuildPhase;
			buildActionMask = 2147483647;
			files = (
				A59CF5C11DD3330900CFC2F0 /* Vehicle.swift in Sources */,
				A5F6A7701DD1F0E700816DAE /* ViewController.swift in Sources */,
				A598065E1DDC9A3A004361BF /* Book.swift in Sources */,
				A5F6A76E1DD1F0E700816DAE /* AppDelegate.swift in Sources */,
				A59CF5C31DD3360600CFC2F0 /* Wheel.swift in Sources */,
				A5F6A79C1DD1F54D00816DAE /* TelaDoisController.swift in Sources */,
			);
			runOnlyForDeploymentPostprocessing = 0;
		};
		A5F6A77A1DD1F0E700816DAE /* Sources */ = {
			isa = PBXSourcesBuildPhase;
			buildActionMask = 2147483647;
			files = (
			);
			runOnlyForDeploymentPostprocessing = 0;
		};
		A5F6A7851DD1F0E700816DAE /* Sources */ = {
			isa = PBXSourcesBuildPhase;
			buildActionMask = 2147483647;
			files = (
			);
			runOnlyForDeploymentPostprocessing = 0;
		};
/* End PBXSourcesBuildPhase section */

/* Begin PBXTargetDependency section */
		A5F6A7801DD1F0E700816DAE /* PBXTargetDependency */ = {
			isa = PBXTargetDependency;
			target = A5F6A7691DD1F0E700816DAE /* TestSwiftRealmAlamofireObjectMapper */;
			targetProxy = A5F6A77F1DD1F0E700816DAE /* PBXContainerItemProxy */;
		};
		A5F6A78B1DD1F0E700816DAE /* PBXTargetDependency */ = {
			isa = PBXTargetDependency;
			target = A5F6A7691DD1F0E700816DAE /* TestSwiftRealmAlamofireObjectMapper */;
			targetProxy = A5F6A78A1DD1F0E700816DAE /* PBXContainerItemProxy */;
		};
/* End PBXTargetDependency section */

/* Begin PBXVariantGroup section */
		A5F6A7711DD1F0E700816DAE /* Main.storyboard */ = {
			isa = PBXVariantGroup;
			children = (
				A5F6A7721DD1F0E700816DAE /* Base */,
			);
			name = Main.storyboard;
			sourceTree = "<group>";
		};
		A5F6A7761DD1F0E700816DAE /* LaunchScreen.storyboard */ = {
			isa = PBXVariantGroup;
			children = (
				A5F6A7771DD1F0E700816DAE /* Base */,
			);
			name = LaunchScreen.storyboard;
			sourceTree = "<group>";
		};
/* End PBXVariantGroup section */

/* Begin XCBuildConfiguration section */
		A5F6A7901DD1F0E700816DAE /* Debug */ = {
			isa = XCBuildConfiguration;
			buildSettings = {
				ALWAYS_SEARCH_USER_PATHS = NO;
				CLANG_ANALYZER_NONNULL = YES;
				CLANG_CXX_LANGUAGE_STANDARD = "gnu++0x";
				CLANG_CXX_LIBRARY = "libc++";
				CLANG_ENABLE_MODULES = YES;
				CLANG_ENABLE_OBJC_ARC = YES;
				CLANG_WARN_BOOL_CONVERSION = YES;
				CLANG_WARN_CONSTANT_CONVERSION = YES;
				CLANG_WARN_DIRECT_OBJC_ISA_USAGE = YES_ERROR;
				CLANG_WARN_EMPTY_BODY = YES;
				CLANG_WARN_ENUM_CONVERSION = YES;
				CLANG_WARN_INT_CONVERSION = YES;
				CLANG_WARN_OBJC_ROOT_CLASS = YES_ERROR;
				CLANG_WARN_UNREACHABLE_CODE = YES;
				CLANG_WARN__DUPLICATE_METHOD_MATCH = YES;
				"CODE_SIGN_IDENTITY[sdk=iphoneos*]" = "iPhone Developer";
				COPY_PHASE_STRIP = NO;
				DEBUG_INFORMATION_FORMAT = dwarf;
				ENABLE_STRICT_OBJC_MSGSEND = YES;
				ENABLE_TESTABILITY = YES;
				GCC_C_LANGUAGE_STANDARD = gnu99;
				GCC_DYNAMIC_NO_PIC = NO;
				GCC_NO_COMMON_BLOCKS = YES;
				GCC_OPTIMIZATION_LEVEL = 0;
				GCC_PREPROCESSOR_DEFINITIONS = (
					"DEBUG=1",
					"$(inherited)",
				);
				GCC_WARN_64_TO_32_BIT_CONVERSION = YES;
				GCC_WARN_ABOUT_RETURN_TYPE = YES_ERROR;
				GCC_WARN_UNDECLARED_SELECTOR = YES;
				GCC_WARN_UNINITIALIZED_AUTOS = YES_AGGRESSIVE;
				GCC_WARN_UNUSED_FUNCTION = YES;
				GCC_WARN_UNUSED_VARIABLE = YES;
				IPHONEOS_DEPLOYMENT_TARGET = 9.3;
				MTL_ENABLE_DEBUG_INFO = YES;
				ONLY_ACTIVE_ARCH = YES;
				SDKROOT = iphoneos;
				SWIFT_OPTIMIZATION_LEVEL = "-Onone";
				TARGETED_DEVICE_FAMILY = "1,2";
			};
			name = Debug;
		};
		A5F6A7911DD1F0E700816DAE /* Release */ = {
			isa = XCBuildConfiguration;
			buildSettings = {
				ALWAYS_SEARCH_USER_PATHS = NO;
				CLANG_ANALYZER_NONNULL = YES;
				CLANG_CXX_LANGUAGE_STANDARD = "gnu++0x";
				CLANG_CXX_LIBRARY = "libc++";
				CLANG_ENABLE_MODULES = YES;
				CLANG_ENABLE_OBJC_ARC = YES;
				CLANG_WARN_BOOL_CONVERSION = YES;
				CLANG_WARN_CONSTANT_CONVERSION = YES;
				CLANG_WARN_DIRECT_OBJC_ISA_USAGE = YES_ERROR;
				CLANG_WARN_EMPTY_BODY = YES;
				CLANG_WARN_ENUM_CONVERSION = YES;
				CLANG_WARN_INT_CONVERSION = YES;
				CLANG_WARN_OBJC_ROOT_CLASS = YES_ERROR;
				CLANG_WARN_UNREACHABLE_CODE = YES;
				CLANG_WARN__DUPLICATE_METHOD_MATCH = YES;
				"CODE_SIGN_IDENTITY[sdk=iphoneos*]" = "iPhone Developer";
				COPY_PHASE_STRIP = NO;
				DEBUG_INFORMATION_FORMAT = "dwarf-with-dsym";
				ENABLE_NS_ASSERTIONS = NO;
				ENABLE_STRICT_OBJC_MSGSEND = YES;
				GCC_C_LANGUAGE_STANDARD = gnu99;
				GCC_NO_COMMON_BLOCKS = YES;
				GCC_WARN_64_TO_32_BIT_CONVERSION = YES;
				GCC_WARN_ABOUT_RETURN_TYPE = YES_ERROR;
				GCC_WARN_UNDECLARED_SELECTOR = YES;
				GCC_WARN_UNINITIALIZED_AUTOS = YES_AGGRESSIVE;
				GCC_WARN_UNUSED_FUNCTION = YES;
				GCC_WARN_UNUSED_VARIABLE = YES;
				IPHONEOS_DEPLOYMENT_TARGET = 9.3;
				MTL_ENABLE_DEBUG_INFO = NO;
				SDKROOT = iphoneos;
				TARGETED_DEVICE_FAMILY = "1,2";
				VALIDATE_PRODUCT = YES;
			};
			name = Release;
		};
		A5F6A7931DD1F0E700816DAE /* Debug */ = {
			isa = XCBuildConfiguration;
			baseConfigurationReference = 4F241883E48EE163EADDC2D4 /* Pods-TestSwiftRealmAlamofireObjectMapper.debug.xcconfig */;
			buildSettings = {
				ASSETCATALOG_COMPILER_APPICON_NAME = AppIcon;
				CODE_SIGN_IDENTITY = "iPhone Developer";
				INFOPLIST_FILE = TestRealm/Info.plist;
				IPHONEOS_DEPLOYMENT_TARGET = 9.0;
				LD_RUNPATH_SEARCH_PATHS = "$(inherited) @executable_path/Frameworks";
				PRODUCT_BUNDLE_IDENTIFIER = Appmoove.TestRealm;
				PRODUCT_NAME = TestSwiftRealmAlamofireObjectMapper;
			};
			name = Debug;
		};
		A5F6A7941DD1F0E700816DAE /* Release */ = {
			isa = XCBuildConfiguration;
			baseConfigurationReference = ABF0D9DF1649C22609EACF25 /* Pods-TestSwiftRealmAlamofireObjectMapper.release.xcconfig */;
			buildSettings = {
				ASSETCATALOG_COMPILER_APPICON_NAME = AppIcon;
				CODE_SIGN_IDENTITY = "iPhone Developer";
				INFOPLIST_FILE = TestRealm/Info.plist;
				IPHONEOS_DEPLOYMENT_TARGET = 9.0;
				LD_RUNPATH_SEARCH_PATHS = "$(inherited) @executable_path/Frameworks";
				PRODUCT_BUNDLE_IDENTIFIER = Appmoove.TestRealm;
				PRODUCT_NAME = TestSwiftRealmAlamofireObjectMapper;
			};
			name = Release;
		};
		A5F6A7961DD1F0E700816DAE /* Debug */ = {
			isa = XCBuildConfiguration;
			buildSettings = {
				BUNDLE_LOADER = "$(TEST_HOST)";
				INFOPLIST_FILE = TestRealmTests/Info.plist;
				LD_RUNPATH_SEARCH_PATHS = "$(inherited) @executable_path/Frameworks @loader_path/Frameworks";
				PRODUCT_BUNDLE_IDENTIFIER = Appmoove.TestRealmTests;
				PRODUCT_NAME = TestSwiftRealmAlamofireObjectMapper;
				TEST_HOST = "$(BUILT_PRODUCTS_DIR)/TestSwiftRealmAlamofireObjectMapper.app/TestSwiftRealmAlamofireObjectMapper";
			};
			name = Debug;
		};
		A5F6A7971DD1F0E700816DAE /* Release */ = {
			isa = XCBuildConfiguration;
			buildSettings = {
				BUNDLE_LOADER = "$(TEST_HOST)";
				INFOPLIST_FILE = TestRealmTests/Info.plist;
				LD_RUNPATH_SEARCH_PATHS = "$(inherited) @executable_path/Frameworks @loader_path/Frameworks";
				PRODUCT_BUNDLE_IDENTIFIER = Appmoove.TestRealmTests;
				PRODUCT_NAME = TestSwiftRealmAlamofireObjectMapper;
				TEST_HOST = "$(BUILT_PRODUCTS_DIR)/TestSwiftRealmAlamofireObjectMapper.app/TestSwiftRealmAlamofireObjectMapper";
			};
			name = Release;
		};
		A5F6A7991DD1F0E700816DAE /* Debug */ = {
			isa = XCBuildConfiguration;
			buildSettings = {
				INFOPLIST_FILE = TestRealmUITests/Info.plist;
				LD_RUNPATH_SEARCH_PATHS = "$(inherited) @executable_path/Frameworks @loader_path/Frameworks";
				PRODUCT_BUNDLE_IDENTIFIER = Appmoove.TestRealmUITests;
				PRODUCT_NAME = TestSwiftRealmAlamofireObjectMapper;
				TEST_TARGET_NAME = TestRealm;
			};
			name = Debug;
		};
		A5F6A79A1DD1F0E700816DAE /* Release */ = {
			isa = XCBuildConfiguration;
			buildSettings = {
				INFOPLIST_FILE = TestRealmUITests/Info.plist;
				LD_RUNPATH_SEARCH_PATHS = "$(inherited) @executable_path/Frameworks @loader_path/Frameworks";
				PRODUCT_BUNDLE_IDENTIFIER = Appmoove.TestRealmUITests;
				PRODUCT_NAME = TestSwiftRealmAlamofireObjectMapper;
				TEST_TARGET_NAME = TestRealm;
			};
			name = Release;
		};
/* End XCBuildConfiguration section */

/* Begin XCConfigurationList section */
		A5F6A7651DD1F0E700816DAE /* Build configuration list for PBXProject "TestSwiftRealmAlamofireObjectMapper" */ = {
			isa = XCConfigurationList;
			buildConfigurations = (
				A5F6A7901DD1F0E700816DAE /* Debug */,
				A5F6A7911DD1F0E700816DAE /* Release */,
			);
			defaultConfigurationIsVisible = 0;
			defaultConfigurationName = Release;
		};
		A5F6A7921DD1F0E700816DAE /* Build configuration list for PBXNativeTarget "TestSwiftRealmAlamofireObjectMapper" */ = {
			isa = XCConfigurationList;
			buildConfigurations = (
				A5F6A7931DD1F0E700816DAE /* Debug */,
				A5F6A7941DD1F0E700816DAE /* Release */,
			);
			defaultConfigurationIsVisible = 0;
			defaultConfigurationName = Release;
		};
		A5F6A7951DD1F0E700816DAE /* Build configuration list for PBXNativeTarget "TestSwiftRealmAlamofireObjectMapperTests" */ = {
			isa = XCConfigurationList;
			buildConfigurations = (
				A5F6A7961DD1F0E700816DAE /* Debug */,
				A5F6A7971DD1F0E700816DAE /* Release */,
			);
			defaultConfigurationIsVisible = 0;
			defaultConfigurationName = Release;
		};
		A5F6A7981DD1F0E700816DAE /* Build configuration list for PBXNativeTarget "TestSwiftRealmAlamofireObjectMapperUITests" */ = {
			isa = XCConfigurationList;
			buildConfigurations = (
				A5F6A7991DD1F0E700816DAE /* Debug */,
				A5F6A79A1DD1F0E700816DAE /* Release */,
			);
			defaultConfigurationIsVisible = 0;
			defaultConfigurationName = Release;
		};
/* End XCConfigurationList section */
	};
	rootObject = A5F6A7621DD1F0E700816DAE /* Project object */;
}
